
Microsoft Visual Studio Solution File, Format Version 12.00
# Visual Studio Version 17
VisualStudioVersion = 17.2.32630.192
MinimumVisualStudioVersion = 10.0.40219.1
Project("{FAE04EC0-301F-11D3-BF4B-00C04F79EFBC}") = "eCommerce.Order.API", "eCommerce.Order.API\eCommerce.Order.API.csproj", "{483528E6-4035-42D4-8E53-1B5ECEDDBD5C}"
EndProject
Global
	GlobalSection(SolutionConfigurationPlatforms) = preSolution
		Debug|Any CPU = Debug|Any CPU
		Release|Any CPU = Release|Any CPU
	EndGlobalSection
	GlobalSection(ProjectConfigurationPlatforms) = postSolution
		{483528E6-4035-42D4-8E53-1B5ECEDDBD5C}.Debug|Any CPU.ActiveCfg = Debug|Any CPU
		{483528E6-4035-42D4-8E53-1B5ECEDDBD5C}.Debug|Any CPU.Build.0 = Debug|Any CPU
		{483528E6-4035-42D4-8E53-1B5ECEDDBD5C}.Release|Any CPU.ActiveCfg = Release|Any CPU
		{483528E6-4035-42D4-8E53-1B5ECEDDBD5C}.Release|Any CPU.Build.0 = Release|Any CPU
	EndGlobalSection
	GlobalSection(SolutionProperties) = preSolution
		HideSolutionNode = FALSE
	EndGlobalSection
	GlobalSection(ExtensibilityGlobals) = postSolution
		SolutionGuid = {A84AEFB0-B49F-4994-B6EE-C29850FB374E}
	EndGlobalSection
EndGlobal
